// !$*UTF8*$!
{
	archiveVersion = 1;
	classes = {
	};
	objectVersion = 50;
	objects = {

/* Begin PBXBuildFile section */
		EB1515A2253AEB9300031EA9 /* AppDelegate.swift in Sources */ = {isa = PBXBuildFile; fileRef = EB1515A1253AEB9300031EA9 /* AppDelegate.swift */; };
		EB1515A4253AEB9300031EA9 /* SceneDelegate.swift in Sources */ = {isa = PBXBuildFile; fileRef = EB1515A3253AEB9300031EA9 /* SceneDelegate.swift */; };
		EB1515A6253AEB9300031EA9 /* ViewController.swift in Sources */ = {isa = PBXBuildFile; fileRef = EB1515A5253AEB9300031EA9 /* ViewController.swift */; };
		EB1515A9253AEB9300031EA9 /* Main.storyboard in Resources */ = {isa = PBXBuildFile; fileRef = EB1515A7253AEB9300031EA9 /* Main.storyboard */; };
		EB1515AB253AEB9A00031EA9 /* Assets.xcassets in Resources */ = {isa = PBXBuildFile; fileRef = EB1515AA253AEB9A00031EA9 /* Assets.xcassets */; };
		EB1515AE253AEB9A00031EA9 /* LaunchScreen.storyboard in Resources */ = {isa = PBXBuildFile; fileRef = EB1515AC253AEB9A00031EA9 /* LaunchScreen.storyboard */; };
		EB1515BC253B02D100031EA9 /* LoginCheckTests.swift in Sources */ = {isa = PBXBuildFile; fileRef = EB1515BB253B02D100031EA9 /* LoginCheckTests.swift */; };
/* End PBXBuildFile section */

/* Begin PBXContainerItemProxy section */
		EB1515BE253B02D100031EA9 /* PBXContainerItemProxy */ = {
			isa = PBXContainerItemProxy;
			containerPortal = EB151596253AEB9300031EA9 /* Project object */;
			proxyType = 1;
			remoteGlobalIDString = EB15159D253AEB9300031EA9;
			remoteInfo = LoginCheck;
		};
/* End PBXContainerItemProxy section */

/* Begin PBXFileReference section */
		EB15159E253AEB9300031EA9 /* LoginCheck.app */ = {isa = PBXFileReference; explicitFileType = wrapper.application; includeInIndex = 0; path = LoginCheck.app; sourceTree = BUILT_PRODUCTS_DIR; };
		EB1515A1253AEB9300031EA9 /* AppDelegate.swift */ = {isa = PBXFileReference; lastKnownFileType = sourcecode.swift; path = AppDelegate.swift; sourceTree = "<group>"; };
		EB1515A3253AEB9300031EA9 /* SceneDelegate.swift */ = {isa = PBXFileReference; lastKnownFileType = sourcecode.swift; path = SceneDelegate.swift; sourceTree = "<group>"; };
		EB1515A5253AEB9300031EA9 /* ViewController.swift */ = {isa = PBXFileReference; lastKnownFileType = sourcecode.swift; path = ViewController.swift; sourceTree = "<group>"; };
		EB1515A8253AEB9300031EA9 /* Base */ = {isa = PBXFileReference; lastKnownFileType = file.storyboard; name = Base; path = Base.lproj/Main.storyboard; sourceTree = "<group>"; };
		EB1515AA253AEB9A00031EA9 /* Assets.xcassets */ = {isa = PBXFileReference; lastKnownFileType = folder.assetcatalog; path = Assets.xcassets; sourceTree = "<group>"; };
		EB1515AD253AEB9A00031EA9 /* Base */ = {isa = PBXFileReference; lastKnownFileType = file.storyboard; name = Base; path = Base.lproj/LaunchScreen.storyboard; sourceTree = "<group>"; };
		EB1515AF253AEB9A00031EA9 /* Info.plist */ = {isa = PBXFileReference; lastKnownFileType = text.plist.xml; path = Info.plist; sourceTree = "<group>"; };
		EB1515B9253B02D100031EA9 /* LoginCheckTests.xctest */ = {isa = PBXFileReference; explicitFileType = wrapper.cfbundle; includeInIndex = 0; path = LoginCheckTests.xctest; sourceTree = BUILT_PRODUCTS_DIR; };
		EB1515BB253B02D100031EA9 /* LoginCheckTests.swift */ = {isa = PBXFileReference; lastKnownFileType = sourcecode.swift; path = LoginCheckTests.swift; sourceTree = "<group>"; };
		EB1515BD253B02D100031EA9 /* Info.plist */ = {isa = PBXFileReference; lastKnownFileType = text.plist.xml; path = Info.plist; sourceTree = "<group>"; };
/* End PBXFileReference section */

/* Begin PBXFrameworksBuildPhase section */
		EB15159B253AEB9300031EA9 /* Frameworks */ = {
			isa = PBXFrameworksBuildPhase;
			buildActionMask = 2147483647;
			files = (
			);
			runOnlyForDeploymentPostprocessing = 0;
		};
		EB1515B6253B02D100031EA9 /* Frameworks */ = {
			isa = PBXFrameworksBuildPhase;
			buildActionMask = 2147483647;
			files = (
			);
			runOnlyForDeploymentPostprocessing = 0;
		};
/* End PBXFrameworksBuildPhase section */

/* Begin PBXGroup section */
		EB151595253AEB9300031EA9 = {
			isa = PBXGroup;
			children = (
				EB1515A0253AEB9300031EA9 /* LoginCheck */,
				EB1515BA253B02D100031EA9 /* LoginCheckTests */,
				EB15159F253AEB9300031EA9 /* Products */,
			);
			sourceTree = "<group>";
		};
		EB15159F253AEB9300031EA9 /* Products */ = {
			isa = PBXGroup;
			children = (
				EB15159E253AEB9300031EA9 /* LoginCheck.app */,
				EB1515B9253B02D100031EA9 /* LoginCheckTests.xctest */,
			);
			name = Products;
			sourceTree = "<group>";
		};
		EB1515A0253AEB9300031EA9 /* LoginCheck */ = {
			isa = PBXGroup;
			children = (
				EB1515A1253AEB9300031EA9 /* AppDelegate.swift */,
				EB1515A3253AEB9300031EA9 /* SceneDelegate.swift */,
				EB1515A5253AEB9300031EA9 /* ViewController.swift */,
				EB1515A7253AEB9300031EA9 /* Main.storyboard */,
				EB1515AA253AEB9A00031EA9 /* Assets.xcassets */,
				EB1515AC253AEB9A00031EA9 /* LaunchScreen.storyboard */,
				EB1515AF253AEB9A00031EA9 /* Info.plist */,
			);
			path = LoginCheck;
			sourceTree = "<group>";
		};
		EB1515BA253B02D100031EA9 /* LoginCheckTests */ = {
			isa = PBXGroup;
			children = (
				EB1515BB253B02D100031EA9 /* LoginCheckTests.swift */,
				EB1515BD253B02D100031EA9 /* Info.plist */,
			);
			path = LoginCheckTests;
			sourceTree = "<group>";
		};
/* End PBXGroup section */

/* Begin PBXNativeTarget section */
		EB15159D253AEB9300031EA9 /* LoginCheck */ = {
			isa = PBXNativeTarget;
			buildConfigurationList = EB1515B2253AEB9A00031EA9 /* Build configuration list for PBXNativeTarget "LoginCheck" */;
			buildPhases = (
				EB15159A253AEB9300031EA9 /* Sources */,
				EB15159B253AEB9300031EA9 /* Frameworks */,
				EB15159C253AEB9300031EA9 /* Resources */,
			);
			buildRules = (
			);
			dependencies = (
			);
			name = LoginCheck;
			productName = LoginCheck;
			productReference = EB15159E253AEB9300031EA9 /* LoginCheck.app */;
			productType = "com.apple.product-type.application";
		};
		EB1515B8253B02D100031EA9 /* LoginCheckTests */ = {
			isa = PBXNativeTarget;
			buildConfigurationList = EB1515C0253B02D100031EA9 /* Build configuration list for PBXNativeTarget "LoginCheckTests" */;
			buildPhases = (
				EB1515B5253B02D100031EA9 /* Sources */,
				EB1515B6253B02D100031EA9 /* Frameworks */,
				EB1515B7253B02D100031EA9 /* Resources */,
			);
			buildRules = (
			);
			dependencies = (
				EB1515BF253B02D100031EA9 /* PBXTargetDependency */,
			);
			name = LoginCheckTests;
			productName = LoginCheckTests;
			productReference = EB1515B9253B02D100031EA9 /* LoginCheckTests.xctest */;
			productType = "com.apple.product-type.bundle.unit-test";
		};
/* End PBXNativeTarget section */

/* Begin PBXProject section */
		EB151596253AEB9300031EA9 /* Project object */ = {
			isa = PBXProject;
			attributes = {
				LastSwiftUpdateCheck = 1170;
				LastUpgradeCheck = 1170;
				ORGANIZATIONNAME = "Svyatoslav Vladimirovich";
				TargetAttributes = {
					EB15159D253AEB9300031EA9 = {
						CreatedOnToolsVersion = 11.7;
					};
					EB1515B8253B02D100031EA9 = {
						CreatedOnToolsVersion = 11.7;
						TestTargetID = EB15159D253AEB9300031EA9;
					};
				};
			};
			buildConfigurationList = EB151599253AEB9300031EA9 /* Build configuration list for PBXProject "LoginCheck" */;
			compatibilityVersion = "Xcode 9.3";
			developmentRegion = en;
			hasScannedForEncodings = 0;
			knownRegions = (
				en,
				Base,
			);
			mainGroup = EB151595253AEB9300031EA9;
			productRefGroup = EB15159F253AEB9300031EA9 /* Products */;
			projectDirPath = "";
			projectRoot = "";
			targets = (
				EB15159D253AEB9300031EA9 /* LoginCheck */,
				EB1515B8253B02D100031EA9 /* LoginCheckTests */,
			);
		};
/* End PBXProject section */

/* Begin PBXResourcesBuildPhase section */
		EB15159C253AEB9300031EA9 /* Resources */ = {
			isa = PBXResourcesBuildPhase;
			buildActionMask = 2147483647;
			files = (
				EB1515AE253AEB9A00031EA9 /* LaunchScreen.storyboard in Resources */,
				EB1515AB253AEB9A00031EA9 /* Assets.xcassets in Resources */,
				EB1515A9253AEB9300031EA9 /* Main.storyboard in Resources */,
			);
			runOnlyForDeploymentPostprocessing = 0;
		};
		EB1515B7253B02D100031EA9 /* Resources */ = {
			isa = PBXResourcesBuildPhase;
			buildActionMask = 2147483647;
			files = (
			);
			runOnlyForDeploymentPostprocessing = 0;
		};
/* End PBXResourcesBuildPhase section */

/* Begin PBXSourcesBuildPhase section */
		EB15159A253AEB9300031EA9 /* Sources */ = {
			isa = PBXSourcesBuildPhase;
			buildActionMask = 2147483647;
			files = (
				EB1515A6253AEB9300031EA9 /* ViewController.swift in Sources */,
				EB1515A2253AEB9300031EA9 /* AppDelegate.swift in Sources */,
				EB1515A4253AEB9300031EA9 /* SceneDelegate.swift in Sources */,
			);
			runOnlyForDeploymentPostprocessing = 0;
		};
		EB1515B5253B02D100031EA9 /* Sources */ = {
			isa = PBXSourcesBuildPhase;
			buildActionMask = 2147483647;
			files = (
				EB1515BC253B02D100031EA9 /* LoginCheckTests.swift in Sources */,
			);
			runOnlyForDeploymentPostprocessing = 0;
		};
/* End PBXSourcesBuildPhase section */

/* Begin PBXTargetDependency section */
		EB1515BF253B02D100031EA9 /* PBXTargetDependency */ = {
			isa = PBXTargetDependency;
			target = EB15159D253AEB9300031EA9 /* LoginCheck */;
			targetProxy = EB1515BE253B02D100031EA9 /* PBXContainerItemProxy */;
		};
/* End PBXTargetDependency section */

/* Begin PBXVariantGroup section */
		EB1515A7253AEB9300031EA9 /* Main.storyboard */ = {
			isa = PBXVariantGroup;
			children = (
				EB1515A8253AEB9300031EA9 /* Base */,
			);
			name = Main.storyboard;
			sourceTree = "<group>";
		};
		EB1515AC253AEB9A00031EA9 /* LaunchScreen.storyboard */ = {
			isa = PBXVariantGroup;
			children = (
				EB1515AD253AEB9A00031EA9 /* Base */,
			);
			name = LaunchScreen.storyboard;
			sourceTree = "<group>";
		};
/* End PBXVariantGroup section */

/* Begin XCBuildConfiguration section */
		EB1515B0253AEB9A00031EA9 /* Debug */ = {
			isa = XCBuildConfiguration;
			buildSettings = {
				ALWAYS_SEARCH_USER_PATHS = NO;
				CLANG_ANALYZER_NONNULL = YES;
				CLANG_ANALYZER_NUMBER_OBJECT_CONVERSION = YES_AGGRESSIVE;
				CLANG_CXX_LANGUAGE_STANDARD = "gnu++14";
				CLANG_CXX_LIBRARY = "libc++";
				CLANG_ENABLE_MODULES = YES;
				CLANG_ENABLE_OBJC_ARC = YES;
				CLANG_ENABLE_OBJC_WEAK = YES;
				CLANG_WARN_BLOCK_CAPTURE_AUTORELEASING = YES;
				CLANG_WARN_BOOL_CONVERSION = YES;
				CLANG_WARN_COMMA = YES;
				CLANG_WARN_CONSTANT_CONVERSION = YES;
				CLANG_WARN_DEPRECATED_OBJC_IMPLEMENTATIONS = YES;
				CLANG_WARN_DIRECT_OBJC_ISA_USAGE = YES_ERROR;
				CLANG_WARN_DOCUMENTATION_COMMENTS = YES;
				CLANG_WARN_EMPTY_BODY = YES;
				CLANG_WARN_ENUM_CONVERSION = YES;
				CLANG_WARN_INFINITE_RECURSION = YES;
				CLANG_WARN_INT_CONVERSION = YES;
				CLANG_WARN_NON_LITERAL_NULL_CONVERSION = YES;
				CLANG_WARN_OBJC_IMPLICIT_RETAIN_SELF = YES;
				CLANG_WARN_OBJC_LITERAL_CONVERSION = YES;
				CLANG_WARN_OBJC_ROOT_CLASS = YES_ERROR;
				CLANG_WARN_RANGE_LOOP_ANALYSIS = YES;
				CLANG_WARN_STRICT_PROTOTYPES = YES;
				CLANG_WARN_SUSPICIOUS_MOVE = YES;
				CLANG_WARN_UNGUARDED_AVAILABILITY = YES_AGGRESSIVE;
				CLANG_WARN_UNREACHABLE_CODE = YES;
				CLANG_WARN__DUPLICATE_METHOD_MATCH = YES;
				COPY_PHASE_STRIP = NO;
				DEBUG_INFORMATION_FORMAT = dwarf;
				ENABLE_STRICT_OBJC_MSGSEND = YES;
				ENABLE_TESTABILITY = YES;
				GCC_C_LANGUAGE_STANDARD = gnu11;
				GCC_DYNAMIC_NO_PIC = NO;
				GCC_NO_COMMON_BLOCKS = YES;
				GCC_OPTIMIZATION_LEVEL = 0;
				GCC_PREPROCESSOR_DEFINITIONS = (
					"DEBUG=1",
					"$(inherited)",
				);
				GCC_WARN_64_TO_32_BIT_CONVERSION = YES;
				GCC_WARN_ABOUT_RETURN_TYPE = YES_ERROR;
				GCC_WARN_UNDECLARED_SELECTOR = YES;
				GCC_WARN_UNINITIALIZED_AUTOS = YES_AGGRESSIVE;
				GCC_WARN_UNUSED_FUNCTION = YES;
				GCC_WARN_UNUSED_VARIABLE = YES;
				IPHONEOS_DEPLOYMENT_TARGET = 13.7;
				MTL_ENABLE_DEBUG_INFO = INCLUDE_SOURCE;
				MTL_FAST_MATH = YES;
				ONLY_ACTIVE_ARCH = YES;
				SDKROOT = iphoneos;
				SWIFT_ACTIVE_COMPILATION_CONDITIONS = DEBUG;
				SWIFT_OPTIMIZATION_LEVEL = "-Onone";
			};
			name = Debug;
		};
		EB1515B1253AEB9A00031EA9 /* Release */ = {
			isa = XCBuildConfiguration;
			buildSettings = {
				ALWAYS_SEARCH_USER_PATHS = NO;
				CLANG_ANALYZER_NONNULL = YES;
				CLANG_ANALYZER_NUMBER_OBJECT_CONVERSION = YES_AGGRESSIVE;
				CLANG_CXX_LANGUAGE_STANDARD = "gnu++14";
				CLANG_CXX_LIBRARY = "libc++";
				CLANG_ENABLE_MODULES = YES;
				CLANG_ENABLE_OBJC_ARC = YES;
				CLANG_ENABLE_OBJC_WEAK = YES;
				CLANG_WARN_BLOCK_CAPTURE_AUTORELEASING = YES;
				CLANG_WARN_BOOL_CONVERSION = YES;
				CLANG_WARN_COMMA = YES;
				CLANG_WARN_CONSTANT_CONVERSION = YES;
				CLANG_WARN_DEPRECATED_OBJC_IMPLEMENTATIONS = YES;
				CLANG_WARN_DIRECT_OBJC_ISA_USAGE = YES_ERROR;
				CLANG_WARN_DOCUMENTATION_COMMENTS = YES;
				CLANG_WARN_EMPTY_BODY = YES;
				CLANG_WARN_ENUM_CONVERSION = YES;
				CLANG_WARN_INFINITE_RECURSION = YES;
				CLANG_WARN_INT_CONVERSION = YES;
				CLANG_WARN_NON_LITERAL_NULL_CONVERSION = YES;
				CLANG_WARN_OBJC_IMPLICIT_RETAIN_SELF = YES;
				CLANG_WARN_OBJC_LITERAL_CONVERSION = YES;
				CLANG_WARN_OBJC_ROOT_CLASS = YES_ERROR;
				CLANG_WARN_RANGE_LOOP_ANALYSIS = YES;
				CLANG_WARN_STRICT_PROTOTYPES = YES;
				CLANG_WARN_SUSPICIOUS_MOVE = YES;
				CLANG_WARN_UNGUARDED_AVAILABILITY = YES_AGGRESSIVE;
				CLANG_WARN_UNREACHABLE_CODE = YES;
				CLANG_WARN__DUPLICATE_METHOD_MATCH = YES;
				COPY_PHASE_STRIP = NO;
				DEBUG_INFORMATION_FORMAT = "dwarf-with-dsym";
				ENABLE_NS_ASSERTIONS = NO;
				ENABLE_STRICT_OBJC_MSGSEND = YES;
				GCC_C_LANGUAGE_STANDARD = gnu11;
				GCC_NO_COMMON_BLOCKS = YES;
				GCC_WARN_64_TO_32_BIT_CONVERSION = YES;
				GCC_WARN_ABOUT_RETURN_TYPE = YES_ERROR;
				GCC_WARN_UNDECLARED_SELECTOR = YES;
				GCC_WARN_UNINITIALIZED_AUTOS = YES_AGGRESSIVE;
				GCC_WARN_UNUSED_FUNCTION = YES;
				GCC_WARN_UNUSED_VARIABLE = YES;
				IPHONEOS_DEPLOYMENT_TARGET = 13.7;
				MTL_ENABLE_DEBUG_INFO = NO;
				MTL_FAST_MATH = YES;
				SDKROOT = iphoneos;
				SWIFT_COMPILATION_MODE = wholemodule;
				SWIFT_OPTIMIZATION_LEVEL = "-O";
				VALIDATE_PRODUCT = YES;
			};
			name = Release;
		};
		EB1515B3253AEB9A00031EA9 /* Debug */ = {
			isa = XCBuildConfiguration;
			buildSettings = {
				ASSETCATALOG_COMPILER_APPICON_NAME = AppIcon;
				CODE_SIGN_STYLE = Automatic;
				DEVELOPMENT_TEAM = NA6VF3HCZ5;
				INFOPLIST_FILE = LoginCheck/Info.plist;
				LD_RUNPATH_SEARCH_PATHS = (
					"$(inherited)",
					"@executable_path/Frameworks",
				);
				PRODUCT_BUNDLE_IDENTIFIER = ss.LoginCheck;
				PRODUCT_NAME = "$(TARGET_NAME)";
				SWIFT_VERSION = 5.0;
				TARGETED_DEVICE_FAMILY = "1,2";
			};
			name = Debug;
		};
		EB1515B4253AEB9A00031EA9 /* Release */ = {
			isa = XCBuildConfiguration;
			buildSettings = {
				ASSETCATALOG_COMPILER_APPICON_NAME = AppIcon;
				CODE_SIGN_STYLE = Automatic;
				DEVELOPMENT_TEAM = NA6VF3HCZ5;
				INFOPLIST_FILE = LoginCheck/Info.plist;
				LD_RUNPATH_SEARCH_PATHS = (
					"$(inherited)",
					"@executable_path/Frameworks",
				);
				PRODUCT_BUNDLE_IDENTIFIER = ss.LoginCheck;
				PRODUCT_NAME = "$(TARGET_NAME)";
				SWIFT_VERSION = 5.0;
				TARGETED_DEVICE_FAMILY = "1,2";
			};
			name = Release;
		};
		EB1515C1253B02D100031EA9 /* Debug */ = {
			isa = XCBuildConfiguration;
			buildSettings = {
				BUNDLE_LOADER = "$(TEST_HOST)";
				CODE_SIGN_STYLE = Automatic;
				DEVELOPMENT_TEAM = NA6VF3HCZ5;
				INFOPLIST_FILE = LoginCheckTests/Info.plist;
				LD_RUNPATH_SEARCH_PATHS = (
					"$(inherited)",
					"@executable_path/Frameworks",
					"@loader_path/Frameworks",
				);
				PRODUCT_BUNDLE_IDENTIFIER = ss.LoginCheckTests;
				PRODUCT_NAME = "$(TARGET_NAME)";
				SWIFT_VERSION = 5.0;
				TARGETED_DEVICE_FAMILY = "1,2";
				TEST_HOST = "$(BUILT_PRODUCTS_DIR)/LoginCheck.app/LoginCheck";
			};
			name = Debug;
		};
		EB1515C2253B02D100031EA9 /* Release */ = {
			isa = XCBuildConfiguration;
			buildSettings = {
				BUNDLE_LOADER = "$(TEST_HOST)";
				CODE_SIGN_STYLE = Automatic;
				DEVELOPMENT_TEAM = NA6VF3HCZ5;
				INFOPLIST_FILE = LoginCheckTests/Info.plist;
				LD_RUNPATH_SEARCH_PATHS = (
					"$(inherited)",
					"@executable_path/Frameworks",
					"@loader_path/Frameworks",
				);
				PRODUCT_BUNDLE_IDENTIFIER = ss.LoginCheckTests;
				PRODUCT_NAME = "$(TARGET_NAME)";
				SWIFT_VERSION = 5.0;
				TARGETED_DEVICE_FAMILY = "1,2";
				TEST_HOST = "$(BUILT_PRODUCTS_DIR)/LoginCheck.app/LoginCheck";
			};
			name = Release;
		};
/* End XCBuildConfiguration section */

/* Begin XCConfigurationList section */
		EB151599253AEB9300031EA9 /* Build configuration list for PBXProject "LoginCheck" */ = {
			isa = XCConfigurationList;
			buildConfigurations = (
				EB1515B0253AEB9A00031EA9 /* Debug */,
				EB1515B1253AEB9A00031EA9 /* Release */,
			);
			defaultConfigurationIsVisible = 0;
			defaultConfigurationName = Release;
		};
		EB1515B2253AEB9A00031EA9 /* Build configuration list for PBXNativeTarget "LoginCheck" */ = {
			isa = XCConfigurationList;
			buildConfigurations = (
				EB1515B3253AEB9A00031EA9 /* Debug */,
				EB1515B4253AEB9A00031EA9 /* Release */,
			);
			defaultConfigurationIsVisible = 0;
			defaultConfigurationName = Release;
		};
		EB1515C0253B02D100031EA9 /* Build configuration list for PBXNativeTarget "LoginCheckTests" */ = {
			isa = XCConfigurationList;
			buildConfigurations = (
				EB1515C1253B02D100031EA9 /* Debug */,
				EB1515C2253B02D100031EA9 /* Release */,
			);
			defaultConfigurationIsVisible = 0;
			defaultConfigurationName = Release;
		};
/* End XCConfigurationList section */
	};
	rootObject = EB151596253AEB9300031EA9 /* Project object */;
}
